
Microsoft Visual Studio Solution File, Format Version 12.00
# Visual Studio Version 17
VisualStudioVersion = 17.10.34928.147
MinimumVisualStudioVersion = 10.0.40219.1
Project("{FAE04EC0-301F-11D3-BF4B-00C04F79EFBC}") = "Hashset_CreateUnion", "Hashset_CreateUnion\Hashset_CreateUnion.csproj", "{BBAE72CB-55E8-4004-978A-657CD2D05E46}"
EndProject
Global
	GlobalSection(SolutionConfigurationPlatforms) = preSolution
		Debug|Any CPU = Debug|Any CPU
		Release|Any CPU = Release|Any CPU
	EndGlobalSection
	GlobalSection(ProjectConfigurationPlatforms) = postSolution
		{BBAE72CB-55E8-4004-978A-657CD2D05E46}.Debug|Any CPU.ActiveCfg = Debug|Any CPU
		{BBAE72CB-55E8-4004-978A-657CD2D05E46}.Debug|Any CPU.Build.0 = Debug|Any CPU
		{BBAE72CB-55E8-4004-978A-657CD2D05E46}.Release|Any CPU.ActiveCfg = Release|Any CPU
		{BBAE72CB-55E8-4004-978A-657CD2D05E46}.Release|Any CPU.Build.0 = Release|Any CPU
	EndGlobalSection
	GlobalSection(SolutionProperties) = preSolution
		HideSolutionNode = FALSE
	EndGlobalSection
	GlobalSection(ExtensibilityGlobals) = postSolution
		SolutionGuid = {D913965A-3632-40F7-A3BD-514045407014}
	EndGlobalSection
EndGlobal
