
Microsoft Visual Studio Solution File, Format Version 12.00
# Visual Studio Version 17
VisualStudioVersion = 17.9.34616.47
MinimumVisualStudioVersion = 10.0.40219.1
Project("{FAE04EC0-301F-11D3-BF4B-00C04F79EFBC}") = "Count_n_Contains", "Count_n_Contains\Count_n_Contains.csproj", "{350BB339-D95E-4006-A128-82BB7A0D9F91}"
EndProject
Global
	GlobalSection(SolutionConfigurationPlatforms) = preSolution
		Debug|Any CPU = Debug|Any CPU
		Release|Any CPU = Release|Any CPU
	EndGlobalSection
	GlobalSection(ProjectConfigurationPlatforms) = postSolution
		{350BB339-D95E-4006-A128-82BB7A0D9F91}.Debug|Any CPU.ActiveCfg = Debug|Any CPU
		{350BB339-D95E-4006-A128-82BB7A0D9F91}.Debug|Any CPU.Build.0 = Debug|Any CPU
		{350BB339-D95E-4006-A128-82BB7A0D9F91}.Release|Any CPU.ActiveCfg = Release|Any CPU
		{350BB339-D95E-4006-A128-82BB7A0D9F91}.Release|Any CPU.Build.0 = Release|Any CPU
	EndGlobalSection
	GlobalSection(SolutionProperties) = preSolution
		HideSolutionNode = FALSE
	EndGlobalSection
	GlobalSection(ExtensibilityGlobals) = postSolution
		SolutionGuid = {B01F1438-4536-4762-AE73-18013641ED40}
	EndGlobalSection
EndGlobal
