
Microsoft Visual Studio Solution File, Format Version 12.00
# Visual Studio Version 17
VisualStudioVersion = 17.8.34309.116
MinimumVisualStudioVersion = 10.0.40219.1
Project("{FAE04EC0-301F-11D3-BF4B-00C04F79EFBC}") = "BasicsOfFuncsAndActions", "BasicsOfFuncsAndActions\BasicsOfFuncsAndActions.csproj", "{66D6C38D-14AB-4191-91B8-AC14F216A1D4}"
EndProject
Global
	GlobalSection(SolutionConfigurationPlatforms) = preSolution
		Debug|Any CPU = Debug|Any CPU
		Release|Any CPU = Release|Any CPU
	EndGlobalSection
	GlobalSection(ProjectConfigurationPlatforms) = postSolution
		{66D6C38D-14AB-4191-91B8-AC14F216A1D4}.Debug|Any CPU.ActiveCfg = Debug|Any CPU
		{66D6C38D-14AB-4191-91B8-AC14F216A1D4}.Debug|Any CPU.Build.0 = Debug|Any CPU
		{66D6C38D-14AB-4191-91B8-AC14F216A1D4}.Release|Any CPU.ActiveCfg = Release|Any CPU
		{66D6C38D-14AB-4191-91B8-AC14F216A1D4}.Release|Any CPU.Build.0 = Release|Any CPU
	EndGlobalSection
	GlobalSection(SolutionProperties) = preSolution
		HideSolutionNode = FALSE
	EndGlobalSection
	GlobalSection(ExtensibilityGlobals) = postSolution
		SolutionGuid = {DBC2003B-ACE5-499B-83F8-F09C5D6B130D}
	EndGlobalSection
EndGlobal
