
Microsoft Visual Studio Solution File, Format Version 12.00
# Visual Studio Version 17
VisualStudioVersion = 17.8.34309.116
MinimumVisualStudioVersion = 10.0.40219.1
Project("{FAE04EC0-301F-11D3-BF4B-00C04F79EFBC}") = "BasicsOfLambdaExpressions", "BasicsOfLambdaExpressions\BasicsOfLambdaExpressions.csproj", "{0587C012-8083-40AC-A9D1-9F5FA44B593B}"
EndProject
Global
	GlobalSection(SolutionConfigurationPlatforms) = preSolution
		Debug|Any CPU = Debug|Any CPU
		Release|Any CPU = Release|Any CPU
	EndGlobalSection
	GlobalSection(ProjectConfigurationPlatforms) = postSolution
		{0587C012-8083-40AC-A9D1-9F5FA44B593B}.Debug|Any CPU.ActiveCfg = Debug|Any CPU
		{0587C012-8083-40AC-A9D1-9F5FA44B593B}.Debug|Any CPU.Build.0 = Debug|Any CPU
		{0587C012-8083-40AC-A9D1-9F5FA44B593B}.Release|Any CPU.ActiveCfg = Release|Any CPU
		{0587C012-8083-40AC-A9D1-9F5FA44B593B}.Release|Any CPU.Build.0 = Release|Any CPU
	EndGlobalSection
	GlobalSection(SolutionProperties) = preSolution
		HideSolutionNode = FALSE
	EndGlobalSection
	GlobalSection(ExtensibilityGlobals) = postSolution
		SolutionGuid = {8F841237-5237-41A5-BDA1-001DAD376761}
	EndGlobalSection
EndGlobal
