
Microsoft Visual Studio Solution File, Format Version 12.00
# Visual Studio Version 17
VisualStudioVersion = 17.9.34714.143
MinimumVisualStudioVersion = 10.0.40219.1
Project("{FAE04EC0-301F-11D3-BF4B-00C04F79EFBC}") = "Immutable_Struct__Time", "Immutable_Struct__Time\Immutable_Struct__Time.csproj", "{99F5D8DF-23EE-4745-A3A7-EF80A8C87207}"
EndProject
Global
	GlobalSection(SolutionConfigurationPlatforms) = preSolution
		Debug|Any CPU = Debug|Any CPU
		Release|Any CPU = Release|Any CPU
	EndGlobalSection
	GlobalSection(ProjectConfigurationPlatforms) = postSolution
		{99F5D8DF-23EE-4745-A3A7-EF80A8C87207}.Debug|Any CPU.ActiveCfg = Debug|Any CPU
		{99F5D8DF-23EE-4745-A3A7-EF80A8C87207}.Debug|Any CPU.Build.0 = Debug|Any CPU
		{99F5D8DF-23EE-4745-A3A7-EF80A8C87207}.Release|Any CPU.ActiveCfg = Release|Any CPU
		{99F5D8DF-23EE-4745-A3A7-EF80A8C87207}.Release|Any CPU.Build.0 = Release|Any CPU
	EndGlobalSection
	GlobalSection(SolutionProperties) = preSolution
		HideSolutionNode = FALSE
	EndGlobalSection
	GlobalSection(ExtensibilityGlobals) = postSolution
		SolutionGuid = {899465C7-EBCC-4FB8-B037-856D07B70604}
	EndGlobalSection
EndGlobal
