
Microsoft Visual Studio Solution File, Format Version 12.00
# Visual Studio Version 17
VisualStudioVersion = 17.9.34728.123
MinimumVisualStudioVersion = 10.0.40219.1
Project("{FAE04EC0-301F-11D3-BF4B-00C04F79EFBC}") = "Records__GpsCoordinates", "Records__GpsCoordinates\Records__GpsCoordinates.csproj", "{8E582313-7413-46E3-B835-751EBAACBAB5}"
EndProject
Global
	GlobalSection(SolutionConfigurationPlatforms) = preSolution
		Debug|Any CPU = Debug|Any CPU
		Release|Any CPU = Release|Any CPU
	EndGlobalSection
	GlobalSection(ProjectConfigurationPlatforms) = postSolution
		{8E582313-7413-46E3-B835-751EBAACBAB5}.Debug|Any CPU.ActiveCfg = Debug|Any CPU
		{8E582313-7413-46E3-B835-751EBAACBAB5}.Debug|Any CPU.Build.0 = Debug|Any CPU
		{8E582313-7413-46E3-B835-751EBAACBAB5}.Release|Any CPU.ActiveCfg = Release|Any CPU
		{8E582313-7413-46E3-B835-751EBAACBAB5}.Release|Any CPU.Build.0 = Release|Any CPU
	EndGlobalSection
	GlobalSection(SolutionProperties) = preSolution
		HideSolutionNode = FALSE
	EndGlobalSection
	GlobalSection(ExtensibilityGlobals) = postSolution
		SolutionGuid = {C74B1852-9479-4B5D-9CBF-93EF96E215F8}
	EndGlobalSection
EndGlobal
