
Microsoft Visual Studio Solution File, Format Version 12.00
# Visual Studio Version 17
VisualStudioVersion = 17.9.34616.47
MinimumVisualStudioVersion = 10.0.40219.1
Project("{FAE04EC0-301F-11D3-BF4B-00C04F79EFBC}") = "SelectAndAverage", "SelectAndAverage\SelectAndAverage.csproj", "{AF2E5572-5932-4013-A297-0E180C094153}"
EndProject
Global
	GlobalSection(SolutionConfigurationPlatforms) = preSolution
		Debug|Any CPU = Debug|Any CPU
		Release|Any CPU = Release|Any CPU
	EndGlobalSection
	GlobalSection(ProjectConfigurationPlatforms) = postSolution
		{AF2E5572-5932-4013-A297-0E180C094153}.Debug|Any CPU.ActiveCfg = Debug|Any CPU
		{AF2E5572-5932-4013-A297-0E180C094153}.Debug|Any CPU.Build.0 = Debug|Any CPU
		{AF2E5572-5932-4013-A297-0E180C094153}.Release|Any CPU.ActiveCfg = Release|Any CPU
		{AF2E5572-5932-4013-A297-0E180C094153}.Release|Any CPU.Build.0 = Release|Any CPU
	EndGlobalSection
	GlobalSection(SolutionProperties) = preSolution
		HideSolutionNode = FALSE
	EndGlobalSection
	GlobalSection(ExtensibilityGlobals) = postSolution
		SolutionGuid = {6D54776B-3C22-4970-B7B8-54C9EA8F623F}
	EndGlobalSection
EndGlobal
