
Microsoft Visual Studio Solution File, Format Version 12.00
# Visual Studio Version 17
VisualStudioVersion = 17.9.34728.123
MinimumVisualStudioVersion = 10.0.40219.1
Project("{FAE04EC0-301F-11D3-BF4B-00C04F79EFBC}") = "OperatorsOverloading__TimeSeries", "OperatorsOverloading__TimeSeries\OperatorsOverloading__TimeSeries.csproj", "{98C2AB9B-5E08-4563-9B28-7BB05785E7F4}"
EndProject
Global
	GlobalSection(SolutionConfigurationPlatforms) = preSolution
		Debug|Any CPU = Debug|Any CPU
		Release|Any CPU = Release|Any CPU
	EndGlobalSection
	GlobalSection(ProjectConfigurationPlatforms) = postSolution
		{98C2AB9B-5E08-4563-9B28-7BB05785E7F4}.Debug|Any CPU.ActiveCfg = Debug|Any CPU
		{98C2AB9B-5E08-4563-9B28-7BB05785E7F4}.Debug|Any CPU.Build.0 = Debug|Any CPU
		{98C2AB9B-5E08-4563-9B28-7BB05785E7F4}.Release|Any CPU.ActiveCfg = Release|Any CPU
		{98C2AB9B-5E08-4563-9B28-7BB05785E7F4}.Release|Any CPU.Build.0 = Release|Any CPU
	EndGlobalSection
	GlobalSection(SolutionProperties) = preSolution
		HideSolutionNode = FALSE
	EndGlobalSection
	GlobalSection(ExtensibilityGlobals) = postSolution
		SolutionGuid = {E3306192-6397-44D6-AC1C-87259DCCB66C}
	EndGlobalSection
EndGlobal
