
Microsoft Visual Studio Solution File, Format Version 12.00
# Visual Studio Version 17
VisualStudioVersion = 17.9.34616.47
MinimumVisualStudioVersion = 10.0.40219.1
Project("{FAE04EC0-301F-11D3-BF4B-00C04F79EFBC}") = "Any_n_All", "Any_n_All\Any_n_All.csproj", "{D0435988-F749-49F4-93E3-A09E81ABBBC3}"
EndProject
Global
	GlobalSection(SolutionConfigurationPlatforms) = preSolution
		Debug|Any CPU = Debug|Any CPU
		Release|Any CPU = Release|Any CPU
	EndGlobalSection
	GlobalSection(ProjectConfigurationPlatforms) = postSolution
		{D0435988-F749-49F4-93E3-A09E81ABBBC3}.Debug|Any CPU.ActiveCfg = Debug|Any CPU
		{D0435988-F749-49F4-93E3-A09E81ABBBC3}.Debug|Any CPU.Build.0 = Debug|Any CPU
		{D0435988-F749-49F4-93E3-A09E81ABBBC3}.Release|Any CPU.ActiveCfg = Release|Any CPU
		{D0435988-F749-49F4-93E3-A09E81ABBBC3}.Release|Any CPU.Build.0 = Release|Any CPU
	EndGlobalSection
	GlobalSection(SolutionProperties) = preSolution
		HideSolutionNode = FALSE
	EndGlobalSection
	GlobalSection(ExtensibilityGlobals) = postSolution
		SolutionGuid = {B1B375E8-7985-4807-8E03-3479C352E1F3}
	EndGlobalSection
EndGlobal
